
Microsoft Visual Studio Solution File, Format Version 12.00
# Visual Studio Version 17
VisualStudioVersion = 17.4.33122.133
MinimumVisualStudioVersion = 10.0.40219.1
Project("{FAE04EC0-301F-11D3-BF4B-00C04F79EFBC}") = "meal-plan-generator", "meal-plan-generator\meal-plan-generator.csproj", "{36038213-3F93-4CAA-AD6E-C8201A1D4D31}"
EndProject
Global
	GlobalSection(SolutionConfigurationPlatforms) = preSolution
		Debug|Any CPU = Debug|Any CPU
		Release|Any CPU = Release|Any CPU
	EndGlobalSection
	GlobalSection(ProjectConfigurationPlatforms) = postSolution
		{36038213-3F93-4CAA-AD6E-C8201A1D4D31}.Debug|Any CPU.ActiveCfg = Debug|Any CPU
		{36038213-3F93-4CAA-AD6E-C8201A1D4D31}.Debug|Any CPU.Build.0 = Debug|Any CPU
		{36038213-3F93-4CAA-AD6E-C8201A1D4D31}.Release|Any CPU.ActiveCfg = Release|Any CPU
		{36038213-3F93-4CAA-AD6E-C8201A1D4D31}.Release|Any CPU.Build.0 = Release|Any CPU
	EndGlobalSection
	GlobalSection(SolutionProperties) = preSolution
		HideSolutionNode = FALSE
	EndGlobalSection
	GlobalSection(ExtensibilityGlobals) = postSolution
		SolutionGuid = {EB718B8F-1E0C-45C8-BD7E-D58161FE42CD}
	EndGlobalSection
EndGlobal
